
Microsoft Visual Studio Solution File, Format Version 12.00
# Visual Studio Version 16
VisualStudioVersion = 25.0.1703.0
MinimumVisualStudioVersion = 10.0.40219.1
Project("{FAE04EC0-301F-11D3-BF4B-00C04F79EFBC}") = "checklist", "checklist\checklist.csproj", "{D4C0CB51-AD2D-4A4C-BE12-CCD98D27E0A3}"
EndProject
Global
	GlobalSection(SolutionConfigurationPlatforms) = preSolution
		Debug|Any CPU = Debug|Any CPU
		Release|Any CPU = Release|Any CPU
	EndGlobalSection
	GlobalSection(ProjectConfigurationPlatforms) = postSolution
		{D4C0CB51-AD2D-4A4C-BE12-CCD98D27E0A3}.Debug|Any CPU.ActiveCfg = Debug|Any CPU
		{D4C0CB51-AD2D-4A4C-BE12-CCD98D27E0A3}.Debug|Any CPU.Build.0 = Debug|Any CPU
		{D4C0CB51-AD2D-4A4C-BE12-CCD98D27E0A3}.Release|Any CPU.ActiveCfg = Release|Any CPU
		{D4C0CB51-AD2D-4A4C-BE12-CCD98D27E0A3}.Release|Any CPU.Build.0 = Release|Any CPU
	EndGlobalSection
	GlobalSection(SolutionProperties) = preSolution
		HideSolutionNode = FALSE
	EndGlobalSection
	GlobalSection(ExtensibilityGlobals) = postSolution
		SolutionGuid = {04C0E777-5C64-40A7-A422-E105A2A93F72}
	EndGlobalSection
EndGlobal
